// !$*UTF8*$!
{
	archiveVersion = 1;
	classes = {
	};
	objectVersion = 77;
	objects = {

/* Begin PBXBuildFile section */
		014258202EAA79190016E590 /* Vault.swift in Sources */ = {isa = PBXBuildFile; fileRef = 014258192EAA79190016E590 /* Vault.swift */; };
		014258212EAA79190016E590 /* Keychain.swift in Sources */ = {isa = PBXBuildFile; fileRef = 014258172EAA79190016E590 /* Keychain.swift */; };
		014258232EAA79190016E590 /* Migration.swift in Sources */ = {isa = PBXBuildFile; fileRef = 014258182EAA79190016E590 /* Migration.swift */; };
		014258242EAA79190016E590 /* Assets.xcassets in Resources */ = {isa = PBXBuildFile; fileRef = 014258162EAA79190016E590 /* Assets.xcassets */; };
		014258252EAA79190016E590 /* Assets.xcassets in Resources */ = {isa = PBXBuildFile; fileRef = 014258162EAA79190016E590 /* Assets.xcassets */; };
		014258262EAA79190016E590 /* Vault.swift in Sources */ = {isa = PBXBuildFile; fileRef = 014258192EAA79190016E590 /* Vault.swift */; };
		014258272EAA79190016E590 /* Keychain.swift in Sources */ = {isa = PBXBuildFile; fileRef = 014258172EAA79190016E590 /* Keychain.swift */; };
		014258292EAA79190016E590 /* Migration.swift in Sources */ = {isa = PBXBuildFile; fileRef = 014258182EAA79190016E590 /* Migration.swift */; };
		014258312EAA93250016E590 /* Persistence.swift in Sources */ = {isa = PBXBuildFile; fileRef = 014258302EAA93250016E590 /* Persistence.swift */; };
		014258322EAA93250016E590 /* Persistence.swift in Sources */ = {isa = PBXBuildFile; fileRef = 014258302EAA93250016E590 /* Persistence.swift */; };
		014258362EAA93440016E590 /* MetaWave.xcdatamodeld in Sources */ = {isa = PBXBuildFile; fileRef = 014258332EAA93440016E590 /* MetaWave.xcdatamodeld */; };
		014258372EAA93440016E590 /* MetaWave.xcdatamodeld in Sources */ = {isa = PBXBuildFile; fileRef = 014258332EAA93440016E590 /* MetaWave.xcdatamodeld */; };
		014258392EAA93650016E590 /* ContentView.swift in Sources */ = {isa = PBXBuildFile; fileRef = 014258382EAA93650016E590 /* ContentView.swift */; };
		0142583A2EAA93650016E590 /* ContentView.swift in Sources */ = {isa = PBXBuildFile; fileRef = 014258382EAA93650016E590 /* ContentView.swift */; };
		0142583C2EAA93970016E590 /* MetaCognitionApp.swift in Sources */ = {isa = PBXBuildFile; fileRef = 0142583B2EAA93970016E590 /* MetaCognitionApp.swift */; };
		0142583D2EAA93970016E590 /* MetaCognitionApp.swift in Sources */ = {isa = PBXBuildFile; fileRef = 0142583B2EAA93970016E590 /* MetaCognitionApp.swift */; };
/* End PBXBuildFile section */

/* Begin PBXFileReference section */
		014258162EAA79190016E590 /* Assets.xcassets */ = {isa = PBXFileReference; lastKnownFileType = folder.assetcatalog; path = Assets.xcassets; sourceTree = "<group>"; };
		014258172EAA79190016E590 /* Keychain.swift */ = {isa = PBXFileReference; lastKnownFileType = sourcecode.swift; path = Keychain.swift; sourceTree = "<group>"; };
		014258182EAA79190016E590 /* Migration.swift */ = {isa = PBXFileReference; lastKnownFileType = sourcecode.swift; path = Migration.swift; sourceTree = "<group>"; };
		014258192EAA79190016E590 /* Vault.swift */ = {isa = PBXFileReference; lastKnownFileType = sourcecode.swift; path = Vault.swift; sourceTree = "<group>"; };
		0142581C2EAA79190016E590 /* MetaWave.xcodeproj */ = {isa = PBXFileReference; lastKnownFileType = "wrapper.pb-project"; path = MetaWave.xcodeproj; sourceTree = "<group>"; };
		014258302EAA93250016E590 /* Persistence.swift */ = {isa = PBXFileReference; lastKnownFileType = sourcecode.swift; path = Persistence.swift; sourceTree = "<group>"; };
		014258352EAA93440016E590 /* MetaWave.xcdatamodel */ = {isa = PBXFileReference; lastKnownFileType = wrapper.xcdatamodel; path = MetaWave.xcdatamodel; sourceTree = "<group>"; };
		014258382EAA93650016E590 /* ContentView.swift */ = {isa = PBXFileReference; lastKnownFileType = sourcecode.swift; path = ContentView.swift; sourceTree = "<group>"; };
		0142583B2EAA93970016E590 /* MetaCognitionApp.swift */ = {isa = PBXFileReference; lastKnownFileType = sourcecode.swift; path = MetaCognitionApp.swift; sourceTree = "<group>"; };
		014DA1C32EA6A8D7009139E4 /* MetaWave.app */ = {isa = PBXFileReference; explicitFileType = wrapper.application; includeInIndex = 0; path = MetaWave.app; sourceTree = BUILT_PRODUCTS_DIR; };
		0180F3562EA7DC38007086B7 /* MetaWave Dev.app */ = {isa = PBXFileReference; explicitFileType = wrapper.application; includeInIndex = 0; path = "MetaWave Dev.app"; sourceTree = BUILT_PRODUCTS_DIR; };
/* End PBXFileReference section */

/* Begin PBXFrameworksBuildPhase section */
		014DA1C02EA6A8D7009139E4 /* Frameworks */ = {
			isa = PBXFrameworksBuildPhase;
			buildActionMask = 2147483647;
			files = (
			);
			runOnlyForDeploymentPostprocessing = 0;
		};
		0180F3512EA7DC38007086B7 /* Frameworks */ = {
			isa = PBXFrameworksBuildPhase;
			buildActionMask = 2147483647;
			files = (
			);
			runOnlyForDeploymentPostprocessing = 0;
		};
/* End PBXFrameworksBuildPhase section */

/* Begin PBXGroup section */
		0142581A2EAA79190016E590 /* Security */ = {
			isa = PBXGroup;
			children = (
				014258172EAA79190016E590 /* Keychain.swift */,
				014258182EAA79190016E590 /* Migration.swift */,
				014258192EAA79190016E590 /* Vault.swift */,
			);
			path = Security;
			sourceTree = "<group>";
		};
		0142581B2EAA79190016E590 /* Core */ = {
			isa = PBXGroup;
			children = (
				0142581A2EAA79190016E590 /* Security */,
			);
			path = Core;
			sourceTree = "<group>";
		};
		0142581E2EAA79190016E590 /* Products */ = {
			isa = PBXGroup;
			name = Products;
			sourceTree = "<group>";
		};
		014DA1BA2EA6A8D7009139E4 = {
			isa = PBXGroup;
			children = (
				0142583B2EAA93970016E590 /* MetaCognitionApp.swift */,
				014258382EAA93650016E590 /* ContentView.swift */,
				014258332EAA93440016E590 /* MetaWave.xcdatamodeld */,
				014258302EAA93250016E590 /* Persistence.swift */,
				014DA1C42EA6A8D7009139E4 /* Products */,
				014258162EAA79190016E590 /* Assets.xcassets */,
				0142581B2EAA79190016E590 /* Core */,
				0142581C2EAA79190016E590 /* MetaWave.xcodeproj */,
			);
			sourceTree = "<group>";
		};
		014DA1C42EA6A8D7009139E4 /* Products */ = {
			isa = PBXGroup;
			children = (
				014DA1C32EA6A8D7009139E4 /* MetaWave.app */,
				0180F3562EA7DC38007086B7 /* MetaWave Dev.app */,
			);
			name = Products;
			sourceTree = "<group>";
		};
/* End PBXGroup section */

/* Begin PBXNativeTarget section */
		014DA1C22EA6A8D7009139E4 /* MetaWave */ = {
			isa = PBXNativeTarget;
			buildConfigurationList = 014DA1E92EA6A8D8009139E4 /* Build configuration list for PBXNativeTarget "MetaWave" */;
			buildPhases = (
				014DA1BF2EA6A8D7009139E4 /* Sources */,
				014DA1C02EA6A8D7009139E4 /* Frameworks */,
				014DA1C12EA6A8D7009139E4 /* Resources */,
			);
			buildRules = (
			);
			dependencies = (
			);
			name = MetaWave;
			packageProductDependencies = (
			);
			productName = MetaCognition;
			productReference = 014DA1C32EA6A8D7009139E4 /* MetaWave.app */;
			productType = "com.apple.product-type.application";
		};
		0180F34F2EA7DC38007086B7 /* MetaWave Dev */ = {
			isa = PBXNativeTarget;
			buildConfigurationList = 0180F3532EA7DC38007086B7 /* Build configuration list for PBXNativeTarget "MetaWave Dev" */;
			buildPhases = (
				0180F3502EA7DC38007086B7 /* Sources */,
				0180F3512EA7DC38007086B7 /* Frameworks */,
				0180F3522EA7DC38007086B7 /* Resources */,
			);
			buildRules = (
			);
			dependencies = (
			);
			name = "MetaWave Dev";
			packageProductDependencies = (
			);
			productName = MetaCognition;
			productReference = 0180F3562EA7DC38007086B7 /* MetaWave Dev.app */;
			productType = "com.apple.product-type.application";
		};
/* End PBXNativeTarget section */

/* Begin PBXProject section */
		014DA1BB2EA6A8D7009139E4 /* Project object */ = {
			isa = PBXProject;
			attributes = {
				BuildIndependentTargetsInParallel = 1;
				LastSwiftUpdateCheck = 2600;
				LastUpgradeCheck = 2600;
				TargetAttributes = {
					014DA1C22EA6A8D7009139E4 = {
						CreatedOnToolsVersion = 26.0.1;
					};
				};
			};
			buildConfigurationList = 014DA1BE2EA6A8D7009139E4 /* Build configuration list for PBXProject "MetaWave" */;
			developmentRegion = en;
			hasScannedForEncodings = 0;
			knownRegions = (
				en,
				Base,
			);
			mainGroup = 014DA1BA2EA6A8D7009139E4;
			minimizedProjectReferenceProxies = 1;
			preferredProjectObjectVersion = 77;
			productRefGroup = 014DA1C42EA6A8D7009139E4 /* Products */;
			projectDirPath = "";
			projectReferences = (
				{
					ProductGroup = 0142581E2EAA79190016E590 /* Products */;
					ProjectRef = 0142581C2EAA79190016E590 /* MetaWave.xcodeproj */;
				},
			);
			projectRoot = "";
			targets = (
				014DA1C22EA6A8D7009139E4 /* MetaWave */,
				0180F34F2EA7DC38007086B7 /* MetaWave Dev */,
			);
		};
/* End PBXProject section */

/* Begin PBXResourcesBuildPhase section */
		014DA1C12EA6A8D7009139E4 /* Resources */ = {
			isa = PBXResourcesBuildPhase;
			buildActionMask = 2147483647;
			files = (
				014258252EAA79190016E590 /* Assets.xcassets in Resources */,
			);
			runOnlyForDeploymentPostprocessing = 0;
		};
		0180F3522EA7DC38007086B7 /* Resources */ = {
			isa = PBXResourcesBuildPhase;
			buildActionMask = 2147483647;
			files = (
				014258242EAA79190016E590 /* Assets.xcassets in Resources */,
			);
			runOnlyForDeploymentPostprocessing = 0;
		};
/* End PBXResourcesBuildPhase section */

/* Begin PBXSourcesBuildPhase section */
		014DA1BF2EA6A8D7009139E4 /* Sources */ = {
			isa = PBXSourcesBuildPhase;
			buildActionMask = 2147483647;
			files = (
				014258262EAA79190016E590 /* Vault.swift in Sources */,
				014258272EAA79190016E590 /* Keychain.swift in Sources */,
				0142583A2EAA93650016E590 /* ContentView.swift in Sources */,
				0142583D2EAA93970016E590 /* MetaCognitionApp.swift in Sources */,
				014258292EAA79190016E590 /* Migration.swift in Sources */,
				014258322EAA93250016E590 /* Persistence.swift in Sources */,
				014258372EAA93440016E590 /* MetaWave.xcdatamodeld in Sources */,
			);
			runOnlyForDeploymentPostprocessing = 0;
		};
		0180F3502EA7DC38007086B7 /* Sources */ = {
			isa = PBXSourcesBuildPhase;
			buildActionMask = 2147483647;
			files = (
				014258202EAA79190016E590 /* Vault.swift in Sources */,
				014258212EAA79190016E590 /* Keychain.swift in Sources */,
				014258392EAA93650016E590 /* ContentView.swift in Sources */,
				0142583C2EAA93970016E590 /* MetaCognitionApp.swift in Sources */,
				014258232EAA79190016E590 /* Migration.swift in Sources */,
				014258312EAA93250016E590 /* Persistence.swift in Sources */,
				014258362EAA93440016E590 /* MetaWave.xcdatamodeld in Sources */,
			);
			runOnlyForDeploymentPostprocessing = 0;
		};
/* End PBXSourcesBuildPhase section */

/* Begin XCBuildConfiguration section */
		014DA1E72EA6A8D8009139E4 /* Debug */ = {
			isa = XCBuildConfiguration;
			buildSettings = {
				ALWAYS_SEARCH_USER_PATHS = NO;
				ASSETCATALOG_COMPILER_GENERATE_SWIFT_ASSET_SYMBOL_EXTENSIONS = YES;
				CLANG_ANALYZER_NONNULL = YES;
				CLANG_ANALYZER_NUMBER_OBJECT_CONVERSION = YES_AGGRESSIVE;
				CLANG_CXX_LANGUAGE_STANDARD = "gnu++20";
				CLANG_ENABLE_MODULES = YES;
				CLANG_ENABLE_OBJC_ARC = YES;
				CLANG_ENABLE_OBJC_WEAK = YES;
				CLANG_WARN_BLOCK_CAPTURE_AUTORELEASING = YES;
				CLANG_WARN_BOOL_CONVERSION = YES;
				CLANG_WARN_COMMA = YES;
				CLANG_WARN_CONSTANT_CONVERSION = YES;
				CLANG_WARN_DEPRECATED_OBJC_IMPLEMENTATIONS = YES;
				CLANG_WARN_DIRECT_OBJC_ISA_USAGE = YES_ERROR;
				CLANG_WARN_DOCUMENTATION_COMMENTS = YES;
				CLANG_WARN_EMPTY_BODY = YES;
				CLANG_WARN_ENUM_CONVERSION = YES;
				CLANG_WARN_INFINITE_RECURSION = YES;
				CLANG_WARN_INT_CONVERSION = YES;
				CLANG_WARN_NON_LITERAL_NULL_CONVERSION = YES;
				CLANG_WARN_OBJC_IMPLICIT_RETAIN_SELF = YES;
				CLANG_WARN_OBJC_LITERAL_CONVERSION = YES;
				CLANG_WARN_OBJC_ROOT_CLASS = YES_ERROR;
				CLANG_WARN_QUOTED_INCLUDE_IN_FRAMEWORK_HEADER = YES;
				CLANG_WARN_RANGE_LOOP_ANALYSIS = YES;
				CLANG_WARN_STRICT_PROTOTYPES = YES;
				CLANG_WARN_SUSPICIOUS_MOVE = YES;
				CLANG_WARN_UNGUARDED_AVAILABILITY = YES_AGGRESSIVE;
				CLANG_WARN_UNREACHABLE_CODE = YES;
				CLANG_WARN__DUPLICATE_METHOD_MATCH = YES;
				COPY_PHASE_STRIP = NO;
				DEBUG_INFORMATION_FORMAT = dwarf;
				DEVELOPMENT_TEAM = R6B6X9PGZ5;
				ENABLE_STRICT_OBJC_MSGSEND = YES;
				ENABLE_TESTABILITY = YES;
				ENABLE_USER_SCRIPT_SANDBOXING = YES;
				GCC_C_LANGUAGE_STANDARD = gnu17;
				GCC_DYNAMIC_NO_PIC = NO;
				GCC_NO_COMMON_BLOCKS = YES;
				GCC_OPTIMIZATION_LEVEL = 0;
				GCC_PREPROCESSOR_DEFINITIONS = (
					"DEBUG=1",
					"$(inherited)",
				);
				GCC_WARN_64_TO_32_BIT_CONVERSION = YES;
				GCC_WARN_ABOUT_RETURN_TYPE = YES_ERROR;
				GCC_WARN_UNDECLARED_SELECTOR = YES;
				GCC_WARN_UNINITIALIZED_AUTOS = YES_AGGRESSIVE;
				GCC_WARN_UNUSED_FUNCTION = YES;
				GCC_WARN_UNUSED_VARIABLE = YES;
				IPHONEOS_DEPLOYMENT_TARGET = 26.0;
				LOCALIZATION_PREFERS_STRING_CATALOGS = YES;
				MTL_ENABLE_DEBUG_INFO = INCLUDE_SOURCE;
				MTL_FAST_MATH = YES;
				ONLY_ACTIVE_ARCH = YES;
				SDKROOT = iphoneos;
				SWIFT_ACTIVE_COMPILATION_CONDITIONS = "DEBUG $(inherited)";
				SWIFT_OPTIMIZATION_LEVEL = "-Onone";
			};
			name = Debug;
		};
		014DA1E82EA6A8D8009139E4 /* Release */ = {
			isa = XCBuildConfiguration;
			buildSettings = {
				ALWAYS_SEARCH_USER_PATHS = NO;
				ASSETCATALOG_COMPILER_GENERATE_SWIFT_ASSET_SYMBOL_EXTENSIONS = YES;
				CLANG_ANALYZER_NONNULL = YES;
				CLANG_ANALYZER_NUMBER_OBJECT_CONVERSION = YES_AGGRESSIVE;
				CLANG_CXX_LANGUAGE_STANDARD = "gnu++20";
				CLANG_ENABLE_MODULES = YES;
				CLANG_ENABLE_OBJC_ARC = YES;
				CLANG_ENABLE_OBJC_WEAK = YES;
				CLANG_WARN_BLOCK_CAPTURE_AUTORELEASING = YES;
				CLANG_WARN_BOOL_CONVERSION = YES;
				CLANG_WARN_COMMA = YES;
				CLANG_WARN_CONSTANT_CONVERSION = YES;
				CLANG_WARN_DEPRECATED_OBJC_IMPLEMENTATIONS = YES;
				CLANG_WARN_DIRECT_OBJC_ISA_USAGE = YES_ERROR;
				CLANG_WARN_DOCUMENTATION_COMMENTS = YES;
				CLANG_WARN_EMPTY_BODY = YES;
				CLANG_WARN_ENUM_CONVERSION = YES;
				CLANG_WARN_INFINITE_RECURSION = YES;
				CLANG_WARN_INT_CONVERSION = YES;
				CLANG_WARN_NON_LITERAL_NULL_CONVERSION = YES;
				CLANG_WARN_OBJC_IMPLICIT_RETAIN_SELF = YES;
				CLANG_WARN_OBJC_LITERAL_CONVERSION = YES;
				CLANG_WARN_OBJC_ROOT_CLASS = YES_ERROR;
				CLANG_WARN_QUOTED_INCLUDE_IN_FRAMEWORK_HEADER = YES;
				CLANG_WARN_RANGE_LOOP_ANALYSIS = YES;
				CLANG_WARN_STRICT_PROTOTYPES = YES;
				CLANG_WARN_SUSPICIOUS_MOVE = YES;
				CLANG_WARN_UNGUARDED_AVAILABILITY = YES_AGGRESSIVE;
				CLANG_WARN_UNREACHABLE_CODE = YES;
				CLANG_WARN__DUPLICATE_METHOD_MATCH = YES;
				COPY_PHASE_STRIP = NO;
				DEBUG_INFORMATION_FORMAT = "dwarf-with-dsym";
				DEVELOPMENT_TEAM = R6B6X9PGZ5;
				ENABLE_NS_ASSERTIONS = NO;
				ENABLE_STRICT_OBJC_MSGSEND = YES;
				ENABLE_USER_SCRIPT_SANDBOXING = YES;
				GCC_C_LANGUAGE_STANDARD = gnu17;
				GCC_NO_COMMON_BLOCKS = YES;
				GCC_WARN_64_TO_32_BIT_CONVERSION = YES;
				GCC_WARN_ABOUT_RETURN_TYPE = YES_ERROR;
				GCC_WARN_UNDECLARED_SELECTOR = YES;
				GCC_WARN_UNINITIALIZED_AUTOS = YES_AGGRESSIVE;
				GCC_WARN_UNUSED_FUNCTION = YES;
				GCC_WARN_UNUSED_VARIABLE = YES;
				IPHONEOS_DEPLOYMENT_TARGET = 26.0;
				LOCALIZATION_PREFERS_STRING_CATALOGS = YES;
				MTL_ENABLE_DEBUG_INFO = NO;
				MTL_FAST_MATH = YES;
				SDKROOT = iphoneos;
				SWIFT_COMPILATION_MODE = wholemodule;
				VALIDATE_PRODUCT = YES;
			};
			name = Release;
		};
		014DA1EA2EA6A8D8009139E4 /* Debug */ = {
			isa = XCBuildConfiguration;
			buildSettings = {
				ASSETCATALOG_COMPILER_APPICON_NAME = AppIcon;
				ASSETCATALOG_COMPILER_GLOBAL_ACCENT_COLOR_NAME = AccentColor;
				CODE_SIGN_STYLE = Automatic;
				CURRENT_PROJECT_VERSION = 1;
				DEVELOPMENT_TEAM = R6B6X9PGZ5;
				ENABLE_PREVIEWS = YES;
				GENERATE_INFOPLIST_FILE = YES;
				INFOPLIST_KEY_CFBundleDisplayName = MetaWave;
				INFOPLIST_KEY_UIApplicationSceneManifest_Generation = YES;
				INFOPLIST_KEY_UIApplicationSupportsIndirectInputEvents = YES;
				INFOPLIST_KEY_UILaunchScreen_Generation = YES;
				INFOPLIST_KEY_UISupportedInterfaceOrientations_iPad = "UIInterfaceOrientationPortrait UIInterfaceOrientationPortraitUpsideDown UIInterfaceOrientationLandscapeLeft UIInterfaceOrientationLandscapeRight";
				INFOPLIST_KEY_UISupportedInterfaceOrientations_iPhone = "UIInterfaceOrientationPortrait UIInterfaceOrientationLandscapeLeft UIInterfaceOrientationLandscapeRight";
				LD_RUNPATH_SEARCH_PATHS = (
					"$(inherited)",
					"@executable_path/Frameworks",
				);
				MARKETING_VERSION = 1.0;
				PRODUCT_BUNDLE_IDENTIFIER = com.vibe5.MetaWave;
				PRODUCT_NAME = "$(TARGET_NAME)";
				STRING_CATALOG_GENERATE_SYMBOLS = YES;
				SWIFT_APPROACHABLE_CONCURRENCY = YES;
				SWIFT_DEFAULT_ACTOR_ISOLATION = MainActor;
				SWIFT_EMIT_LOC_STRINGS = YES;
				SWIFT_UPCOMING_FEATURE_MEMBER_IMPORT_VISIBILITY = YES;
				SWIFT_VERSION = 5.0;
				TARGETED_DEVICE_FAMILY = "1,2";
			};
			name = Debug;
		};
		014DA1EB2EA6A8D8009139E4 /* Release */ = {
			isa = XCBuildConfiguration;
			buildSettings = {
				ASSETCATALOG_COMPILER_APPICON_NAME = AppIcon;
				ASSETCATALOG_COMPILER_GLOBAL_ACCENT_COLOR_NAME = AccentColor;
				CODE_SIGN_STYLE = Automatic;
				CURRENT_PROJECT_VERSION = 1;
				DEVELOPMENT_TEAM = R6B6X9PGZ5;
				ENABLE_PREVIEWS = YES;
				GENERATE_INFOPLIST_FILE = YES;
				INFOPLIST_KEY_CFBundleDisplayName = MetaWave;
				INFOPLIST_KEY_UIApplicationSceneManifest_Generation = YES;
				INFOPLIST_KEY_UIApplicationSupportsIndirectInputEvents = YES;
				INFOPLIST_KEY_UILaunchScreen_Generation = YES;
				INFOPLIST_KEY_UISupportedInterfaceOrientations_iPad = "UIInterfaceOrientationPortrait UIInterfaceOrientationPortraitUpsideDown UIInterfaceOrientationLandscapeLeft UIInterfaceOrientationLandscapeRight";
				INFOPLIST_KEY_UISupportedInterfaceOrientations_iPhone = "UIInterfaceOrientationPortrait UIInterfaceOrientationLandscapeLeft UIInterfaceOrientationLandscapeRight";
				LD_RUNPATH_SEARCH_PATHS = (
					"$(inherited)",
					"@executable_path/Frameworks",
				);
				MARKETING_VERSION = 1.0;
				PRODUCT_BUNDLE_IDENTIFIER = com.vibe5.MetaWave;
				PRODUCT_NAME = "$(TARGET_NAME)";
				STRING_CATALOG_GENERATE_SYMBOLS = YES;
				SWIFT_APPROACHABLE_CONCURRENCY = YES;
				SWIFT_DEFAULT_ACTOR_ISOLATION = MainActor;
				SWIFT_EMIT_LOC_STRINGS = YES;
				SWIFT_UPCOMING_FEATURE_MEMBER_IMPORT_VISIBILITY = YES;
				SWIFT_VERSION = 5.0;
				TARGETED_DEVICE_FAMILY = "1,2";
			};
			name = Release;
		};
		0180F3542EA7DC38007086B7 /* Debug */ = {
			isa = XCBuildConfiguration;
			buildSettings = {
				ASSETCATALOG_COMPILER_APPICON_NAME = AppIcon;
				ASSETCATALOG_COMPILER_GLOBAL_ACCENT_COLOR_NAME = AccentColor;
				CODE_SIGN_STYLE = Automatic;
				CURRENT_PROJECT_VERSION = 1;
				DEVELOPMENT_TEAM = R6B6X9PGZ5;
				ENABLE_PREVIEWS = YES;
				GENERATE_INFOPLIST_FILE = YES;
				INFOPLIST_KEY_UIApplicationSceneManifest_Generation = YES;
				INFOPLIST_KEY_UIApplicationSupportsIndirectInputEvents = YES;
				INFOPLIST_KEY_UILaunchScreen_Generation = YES;
				INFOPLIST_KEY_UISupportedInterfaceOrientations_iPad = "UIInterfaceOrientationPortrait UIInterfaceOrientationPortraitUpsideDown UIInterfaceOrientationLandscapeLeft UIInterfaceOrientationLandscapeRight";
				INFOPLIST_KEY_UISupportedInterfaceOrientations_iPhone = "UIInterfaceOrientationPortrait UIInterfaceOrientationLandscapeLeft UIInterfaceOrientationLandscapeRight";
				LD_RUNPATH_SEARCH_PATHS = (
					"$(inherited)",
					"@executable_path/Frameworks",
				);
				MARKETING_VERSION = 1.0;
				PRODUCT_BUNDLE_IDENTIFIER = com.vibe5.MetaWave.dev;
				PRODUCT_NAME = "$(TARGET_NAME)";
				STRING_CATALOG_GENERATE_SYMBOLS = YES;
				SWIFT_APPROACHABLE_CONCURRENCY = YES;
				SWIFT_DEFAULT_ACTOR_ISOLATION = MainActor;
				SWIFT_EMIT_LOC_STRINGS = YES;
				SWIFT_UPCOMING_FEATURE_MEMBER_IMPORT_VISIBILITY = YES;
				SWIFT_VERSION = 5.0;
				TARGETED_DEVICE_FAMILY = "1,2";
			};
			name = Debug;
		};
		0180F3552EA7DC38007086B7 /* Release */ = {
			isa = XCBuildConfiguration;
			buildSettings = {
				ASSETCATALOG_COMPILER_APPICON_NAME = AppIcon;
				ASSETCATALOG_COMPILER_GLOBAL_ACCENT_COLOR_NAME = AccentColor;
				CODE_SIGN_STYLE = Automatic;
				CURRENT_PROJECT_VERSION = 1;
				DEVELOPMENT_TEAM = R6B6X9PGZ5;
				ENABLE_PREVIEWS = YES;
				GENERATE_INFOPLIST_FILE = YES;
				INFOPLIST_KEY_UIApplicationSceneManifest_Generation = YES;
				INFOPLIST_KEY_UIApplicationSupportsIndirectInputEvents = YES;
				INFOPLIST_KEY_UILaunchScreen_Generation = YES;
				INFOPLIST_KEY_UISupportedInterfaceOrientations_iPad = "UIInterfaceOrientationPortrait UIInterfaceOrientationPortraitUpsideDown UIInterfaceOrientationLandscapeLeft UIInterfaceOrientationLandscapeRight";
				INFOPLIST_KEY_UISupportedInterfaceOrientations_iPhone = "UIInterfaceOrientationPortrait UIInterfaceOrientationLandscapeLeft UIInterfaceOrientationLandscapeRight";
				LD_RUNPATH_SEARCH_PATHS = (
					"$(inherited)",
					"@executable_path/Frameworks",
				);
				MARKETING_VERSION = 1.0;
				PRODUCT_BUNDLE_IDENTIFIER = com.vibe5.MetaWave.dev;
				PRODUCT_NAME = "$(TARGET_NAME)";
				STRING_CATALOG_GENERATE_SYMBOLS = YES;
				SWIFT_APPROACHABLE_CONCURRENCY = YES;
				SWIFT_DEFAULT_ACTOR_ISOLATION = MainActor;
				SWIFT_EMIT_LOC_STRINGS = YES;
				SWIFT_UPCOMING_FEATURE_MEMBER_IMPORT_VISIBILITY = YES;
				SWIFT_VERSION = 5.0;
				TARGETED_DEVICE_FAMILY = "1,2";
			};
			name = Release;
		};
/* End XCBuildConfiguration section */

/* Begin XCConfigurationList section */
		014DA1BE2EA6A8D7009139E4 /* Build configuration list for PBXProject "MetaWave" */ = {
			isa = XCConfigurationList;
			buildConfigurations = (
				014DA1E72EA6A8D8009139E4 /* Debug */,
				014DA1E82EA6A8D8009139E4 /* Release */,
			);
			defaultConfigurationIsVisible = 0;
			defaultConfigurationName = Release;
		};
		014DA1E92EA6A8D8009139E4 /* Build configuration list for PBXNativeTarget "MetaWave" */ = {
			isa = XCConfigurationList;
			buildConfigurations = (
				014DA1EA2EA6A8D8009139E4 /* Debug */,
				014DA1EB2EA6A8D8009139E4 /* Release */,
			);
			defaultConfigurationIsVisible = 0;
			defaultConfigurationName = Release;
		};
		0180F3532EA7DC38007086B7 /* Build configuration list for PBXNativeTarget "MetaWave Dev" */ = {
			isa = XCConfigurationList;
			buildConfigurations = (
				0180F3542EA7DC38007086B7 /* Debug */,
				0180F3552EA7DC38007086B7 /* Release */,
			);
			defaultConfigurationIsVisible = 0;
			defaultConfigurationName = Release;
		};
/* End XCConfigurationList section */

/* Begin XCVersionGroup section */
		014258332EAA93440016E590 /* MetaWave.xcdatamodeld */ = {
			isa = XCVersionGroup;
			children = (
				014258352EAA93440016E590 /* MetaWave.xcdatamodel */,
			);
			currentVersion = 014258352EAA93440016E590 /* MetaWave.xcdatamodel */;
			path = MetaWave.xcdatamodeld;
			sourceTree = "<group>";
			versionGroupType = wrapper.xcdatamodel;
		};
/* End XCVersionGroup section */
	};
	rootObject = 014DA1BB2EA6A8D7009139E4 /* Project object */;
}
